
Microsoft Visual Studio Solution File, Format Version 12.00
# Visual Studio Version 16
VisualStudioVersion = 16.0.30621.155
MinimumVisualStudioVersion = 10.0.40219.1
Project("{FAE04EC0-301F-11D3-BF4B-00C04F79EFBC}") = "SetupAquariumWeb", "SetupAquariumWeb\SetupAquariumWeb.csproj", "{49D15A6B-AA93-4DDB-9A94-64AB792628EB}"
EndProject
Global
	GlobalSection(SolutionConfigurationPlatforms) = preSolution
		Debug|Any CPU = Debug|Any CPU
		Release|Any CPU = Release|Any CPU
	EndGlobalSection
	GlobalSection(ProjectConfigurationPlatforms) = postSolution
		{49D15A6B-AA93-4DDB-9A94-64AB792628EB}.Debug|Any CPU.ActiveCfg = Debug|Any CPU
		{49D15A6B-AA93-4DDB-9A94-64AB792628EB}.Debug|Any CPU.Build.0 = Debug|Any CPU
		{49D15A6B-AA93-4DDB-9A94-64AB792628EB}.Release|Any CPU.ActiveCfg = Release|Any CPU
		{49D15A6B-AA93-4DDB-9A94-64AB792628EB}.Release|Any CPU.Build.0 = Release|Any CPU
	EndGlobalSection
	GlobalSection(SolutionProperties) = preSolution
		HideSolutionNode = FALSE
	EndGlobalSection
	GlobalSection(ExtensibilityGlobals) = postSolution
		SolutionGuid = {1FA438EB-E2A9-4064-BFEB-235A51F58A82}
	EndGlobalSection
EndGlobal
