
Microsoft Visual Studio Solution File, Format Version 12.00
# Visual Studio Version 16
VisualStudioVersion = 16.0.30621.155
MinimumVisualStudioVersion = 10.0.40219.1
Project("{FAE04EC0-301F-11D3-BF4B-00C04F79EFBC}") = "SetupAquarium.API", "SetupAquarium.API\SetupAquarium.API.csproj", "{28B23A33-A174-4755-8C77-4A8245D2C921}"
EndProject
Global
	GlobalSection(SolutionConfigurationPlatforms) = preSolution
		Debug|Any CPU = Debug|Any CPU
		Release|Any CPU = Release|Any CPU
	EndGlobalSection
	GlobalSection(ProjectConfigurationPlatforms) = postSolution
		{28B23A33-A174-4755-8C77-4A8245D2C921}.Debug|Any CPU.ActiveCfg = Debug|Any CPU
		{28B23A33-A174-4755-8C77-4A8245D2C921}.Debug|Any CPU.Build.0 = Debug|Any CPU
		{28B23A33-A174-4755-8C77-4A8245D2C921}.Release|Any CPU.ActiveCfg = Release|Any CPU
		{28B23A33-A174-4755-8C77-4A8245D2C921}.Release|Any CPU.Build.0 = Release|Any CPU
	EndGlobalSection
	GlobalSection(SolutionProperties) = preSolution
		HideSolutionNode = FALSE
	EndGlobalSection
	GlobalSection(ExtensibilityGlobals) = postSolution
		SolutionGuid = {6FB86871-F564-47C0-9A4B-54A7F3B768F7}
	EndGlobalSection
EndGlobal
